<?xml version="1.0" encoding="utf-8"?>
<Project ToolsVersion="4.0" xmlns="http://schemas.microsoft.com/developer/msbuild/2003">
  <ItemGroup>
    <Filter Include="Source Files">
      <UniqueIdentifier>{4FC737F1-C7A5-4376-A066-2A32D752A2FF}</UniqueIdentifier>
      <Extensions>cpp;c;cc;cxx;c++;cppm;ixx;def;odl;idl;hpj;bat;asm;asmx</Extensions>
    </Filter>
    <Filter Include="Header Files">
      <UniqueIdentifier>{93995380-89BD-4b04-88EB-625FBE52EBFB}</UniqueIdentifier>
      <Extensions>h;hh;hpp;hxx;h++;hm;inl;inc;ipp;xsd</Extensions>
    </Filter>
    <Filter Include="Resource Files">
      <UniqueIdentifier>{67DA6AB6-F800-4c08-8B7A-83BB121AAD01}</UniqueIdentifier>
      <Extensions>rc;ico;cur;bmp;dlg;rc2;rct;bin;rgs;gif;jpg;jpeg;jpe;resx;tiff;tif;png;wav;mfcribbon-ms</Extensions>
    </Filter>
    <Filter Include="Source Files\textures">
      <UniqueIdentifier>{9f966648-2793-40ce-97ea-01e9f3204eed}</UniqueIdentifier>
    </Filter>
    <Filter Include="Source Files\shaders">
      <UniqueIdentifier>{bb519761-3628-4ee8-abfe-7c8875123131}</UniqueIdentifier>
    </Filter>
    <Filter Include="Source Files\glsl_shaders">
      <UniqueIdentifier>{acfb3d9f-7d52-4a0b-9b0f-a01419de0d14}</UniqueIdentifier>
    </Filter>
    <Filter Include="Source Files\image_output">
      <UniqueIdentifier>{8496e132-153e-4d3e-8db4-f11cf8bc3d55}</UniqueIdentifier>
    </Filter>
  </ItemGroup>
  <ItemGroup>
    <ClCompile Include="equirectangular_to_cubemap.cpp">
      <Filter>Source Files</Filter>
    </ClCompile>
  </ItemGroup>
  <ItemGroup>
    <None Include="textures\chinese_garden_1k.hdr">
      <Filter>Source Files\textures</Filter>
    </None>
    <None Include="shaders\frag.spv">
      <Filter>Source Files\shaders</Filter>
    </None>
    <None Include="shaders\vert.spv">
      <Filter>Source Files\shaders</Filter>
    </None>
    <None Include="glsl_shaders\shader.frag">
      <Filter>Source Files\glsl_shaders</Filter>
    </None>
    <None Include="glsl_shaders\shader.vert">
      <Filter>Source Files\glsl_shaders</Filter>
    </None>
    <None Include="textures\sunset.exr">
      <Filter>Source Files\textures</Filter>
    </None>
  </ItemGroup>
  <ItemGroup>
    <Image Include="image_output\output.png">
      <Filter>Source Files\image_output</Filter>
    </Image>
  </ItemGroup>
  <ItemGroup>
    <ClInclude Include="tinyexr.h">
      <Filter>Source Files</Filter>
    </ClInclude>
  </ItemGroup>
</Project>